// !$*UTF8*$!
{
	archiveVersion = 1;
	classes = {
	};
	objectVersion = 56;
	objects = {

/* Begin PBXBuildFile section */
		364055872B5DC63C00E2DB59 /* KindnessAppApp.swift in Sources */ = {isa = PBXBuildFile; fileRef = 364055862B5DC63C00E2DB59 /* KindnessAppApp.swift */; };
		364055892B5DC63C00E2DB59 /* ProfileView.swift in Sources */ = {isa = PBXBuildFile; fileRef = 364055882B5DC63C00E2DB59 /* ProfileView.swift */; };
		3640558B2B5DC63E00E2DB59 /* Assets.xcassets in Resources */ = {isa = PBXBuildFile; fileRef = 3640558A2B5DC63E00E2DB59 /* Assets.xcassets */; };
		3640558E2B5DC63E00E2DB59 /* Preview Assets.xcassets in Resources */ = {isa = PBXBuildFile; fileRef = 3640558D2B5DC63E00E2DB59 /* Preview Assets.xcassets */; };
		364055972B5DC7A900E2DB59 /* DataController.swift in Sources */ = {isa = PBXBuildFile; fileRef = 364055962B5DC7A900E2DB59 /* DataController.swift */; };
		3640559D2B5DC84600E2DB59 /* KindnessApp.xcdatamodeld in Sources */ = {isa = PBXBuildFile; fileRef = 3640559B2B5DC84600E2DB59 /* KindnessApp.xcdatamodeld */; };
		367A48682B7AC04300D589E3 /* UserProfile+CoreDataClass.swift in Sources */ = {isa = PBXBuildFile; fileRef = 367A48662B7AC04300D589E3 /* UserProfile+CoreDataClass.swift */; };
		367A48692B7AC04300D589E3 /* UserProfile+CoreDataProperties.swift in Sources */ = {isa = PBXBuildFile; fileRef = 367A48672B7AC04300D589E3 /* UserProfile+CoreDataProperties.swift */; };
		367A48702B7AC09700D589E3 /* ProfileBadge+CoreDataClass.swift in Sources */ = {isa = PBXBuildFile; fileRef = 367A486E2B7AC09700D589E3 /* ProfileBadge+CoreDataClass.swift */; };
		367A48712B7AC09700D589E3 /* ProfileBadge+CoreDataProperties.swift in Sources */ = {isa = PBXBuildFile; fileRef = 367A486F2B7AC09700D589E3 /* ProfileBadge+CoreDataProperties.swift */; };
		367A487C2B7AC7F300D589E3 /* KindnessAct+CoreDataClass.swift in Sources */ = {isa = PBXBuildFile; fileRef = 367A487A2B7AC7F300D589E3 /* KindnessAct+CoreDataClass.swift */; };
		367A487D2B7AC7F300D589E3 /* KindnessAct+CoreDataProperties.swift in Sources */ = {isa = PBXBuildFile; fileRef = 367A487B2B7AC7F300D589E3 /* KindnessAct+CoreDataProperties.swift */; };
		36BBD2D52CAF1E9600A4AE15 /* SceneDelegate.swift in Sources */ = {isa = PBXBuildFile; fileRef = 36BBD2D42CAF1E9600A4AE15 /* SceneDelegate.swift */; };
/* End PBXBuildFile section */

/* Begin PBXFileReference section */
		364055832B5DC63C00E2DB59 /* KindnessApp.app */ = {isa = PBXFileReference; explicitFileType = wrapper.application; includeInIndex = 0; path = KindnessApp.app; sourceTree = BUILT_PRODUCTS_DIR; };
		364055862B5DC63C00E2DB59 /* KindnessAppApp.swift */ = {isa = PBXFileReference; lastKnownFileType = sourcecode.swift; path = KindnessAppApp.swift; sourceTree = "<group>"; };
		364055882B5DC63C00E2DB59 /* ProfileView.swift */ = {isa = PBXFileReference; lastKnownFileType = sourcecode.swift; path = ProfileView.swift; sourceTree = "<group>"; };
		3640558A2B5DC63E00E2DB59 /* Assets.xcassets */ = {isa = PBXFileReference; lastKnownFileType = folder.assetcatalog; path = Assets.xcassets; sourceTree = "<group>"; };
		3640558D2B5DC63E00E2DB59 /* Preview Assets.xcassets */ = {isa = PBXFileReference; lastKnownFileType = folder.assetcatalog; path = "Preview Assets.xcassets"; sourceTree = "<group>"; };
		364055962B5DC7A900E2DB59 /* DataController.swift */ = {isa = PBXFileReference; lastKnownFileType = sourcecode.swift; path = DataController.swift; sourceTree = "<group>"; };
		3640559C2B5DC84600E2DB59 /* KindnessApp.xcdatamodel */ = {isa = PBXFileReference; lastKnownFileType = wrapper.xcdatamodel; path = KindnessApp.xcdatamodel; sourceTree = "<group>"; };
		367A48662B7AC04300D589E3 /* UserProfile+CoreDataClass.swift */ = {isa = PBXFileReference; lastKnownFileType = sourcecode.swift; path = "UserProfile+CoreDataClass.swift"; sourceTree = "<group>"; };
		367A48672B7AC04300D589E3 /* UserProfile+CoreDataProperties.swift */ = {isa = PBXFileReference; lastKnownFileType = sourcecode.swift; path = "UserProfile+CoreDataProperties.swift"; sourceTree = "<group>"; };
		367A486E2B7AC09700D589E3 /* ProfileBadge+CoreDataClass.swift */ = {isa = PBXFileReference; lastKnownFileType = sourcecode.swift; path = "ProfileBadge+CoreDataClass.swift"; sourceTree = "<group>"; };
		367A486F2B7AC09700D589E3 /* ProfileBadge+CoreDataProperties.swift */ = {isa = PBXFileReference; lastKnownFileType = sourcecode.swift; path = "ProfileBadge+CoreDataProperties.swift"; sourceTree = "<group>"; };
		367A487A2B7AC7F300D589E3 /* KindnessAct+CoreDataClass.swift */ = {isa = PBXFileReference; lastKnownFileType = sourcecode.swift; path = "KindnessAct+CoreDataClass.swift"; sourceTree = "<group>"; };
		367A487B2B7AC7F300D589E3 /* KindnessAct+CoreDataProperties.swift */ = {isa = PBXFileReference; lastKnownFileType = sourcecode.swift; path = "KindnessAct+CoreDataProperties.swift"; sourceTree = "<group>"; };
		36BBD2D32CAF1DB200A4AE15 /* Info.plist */ = {isa = PBXFileReference; lastKnownFileType = text.plist; path = Info.plist; sourceTree = "<group>"; };
		36BBD2D42CAF1E9600A4AE15 /* SceneDelegate.swift */ = {isa = PBXFileReference; lastKnownFileType = sourcecode.swift; path = SceneDelegate.swift; sourceTree = "<group>"; };
/* End PBXFileReference section */

/* Begin PBXFrameworksBuildPhase section */
		364055802B5DC63C00E2DB59 /* Frameworks */ = {
			isa = PBXFrameworksBuildPhase;
			buildActionMask = 2147483647;
			files = (
			);
			runOnlyForDeploymentPostprocessing = 0;
		};
/* End PBXFrameworksBuildPhase section */

/* Begin PBXGroup section */
		3640557A2B5DC63C00E2DB59 = {
			isa = PBXGroup;
			children = (
				367A487A2B7AC7F300D589E3 /* KindnessAct+CoreDataClass.swift */,
				367A487B2B7AC7F300D589E3 /* KindnessAct+CoreDataProperties.swift */,
				367A486E2B7AC09700D589E3 /* ProfileBadge+CoreDataClass.swift */,
				367A486F2B7AC09700D589E3 /* ProfileBadge+CoreDataProperties.swift */,
				367A48662B7AC04300D589E3 /* UserProfile+CoreDataClass.swift */,
				367A48672B7AC04300D589E3 /* UserProfile+CoreDataProperties.swift */,
				364055852B5DC63C00E2DB59 /* KindnessApp */,
				364055842B5DC63C00E2DB59 /* Products */,
			);
			sourceTree = "<group>";
		};
		364055842B5DC63C00E2DB59 /* Products */ = {
			isa = PBXGroup;
			children = (
				364055832B5DC63C00E2DB59 /* KindnessApp.app */,
			);
			name = Products;
			sourceTree = "<group>";
		};
		364055852B5DC63C00E2DB59 /* KindnessApp */ = {
			isa = PBXGroup;
			children = (
				36BBD2D32CAF1DB200A4AE15 /* Info.plist */,
				3640559B2B5DC84600E2DB59 /* KindnessApp.xcdatamodeld */,
				364055862B5DC63C00E2DB59 /* KindnessAppApp.swift */,
				364055882B5DC63C00E2DB59 /* ProfileView.swift */,
				364055962B5DC7A900E2DB59 /* DataController.swift */,
				3640558A2B5DC63E00E2DB59 /* Assets.xcassets */,
				3640558C2B5DC63E00E2DB59 /* Preview Content */,
				36BBD2D42CAF1E9600A4AE15 /* SceneDelegate.swift */,
			);
			path = KindnessApp;
			sourceTree = "<group>";
		};
		3640558C2B5DC63E00E2DB59 /* Preview Content */ = {
			isa = PBXGroup;
			children = (
				3640558D2B5DC63E00E2DB59 /* Preview Assets.xcassets */,
			);
			path = "Preview Content";
			sourceTree = "<group>";
		};
/* End PBXGroup section */

/* Begin PBXNativeTarget section */
		364055822B5DC63C00E2DB59 /* KindnessApp */ = {
			isa = PBXNativeTarget;
			buildConfigurationList = 364055912B5DC63E00E2DB59 /* Build configuration list for PBXNativeTarget "KindnessApp" */;
			buildPhases = (
				3640557F2B5DC63C00E2DB59 /* Sources */,
				364055802B5DC63C00E2DB59 /* Frameworks */,
				364055812B5DC63C00E2DB59 /* Resources */,
			);
			buildRules = (
			);
			dependencies = (
			);
			name = KindnessApp;
			productName = KindnessApp;
			productReference = 364055832B5DC63C00E2DB59 /* KindnessApp.app */;
			productType = "com.apple.product-type.application";
		};
/* End PBXNativeTarget section */

/* Begin PBXProject section */
		3640557B2B5DC63C00E2DB59 /* Project object */ = {
			isa = PBXProject;
			attributes = {
				BuildIndependentTargetsInParallel = 1;
				LastSwiftUpdateCheck = 1420;
				LastUpgradeCheck = 1420;
				TargetAttributes = {
					364055822B5DC63C00E2DB59 = {
						CreatedOnToolsVersion = 14.2;
					};
				};
			};
			buildConfigurationList = 3640557E2B5DC63C00E2DB59 /* Build configuration list for PBXProject "KindnessApp" */;
			compatibilityVersion = "Xcode 14.0";
			developmentRegion = en;
			hasScannedForEncodings = 0;
			knownRegions = (
				en,
				Base,
			);
			mainGroup = 3640557A2B5DC63C00E2DB59;
			productRefGroup = 364055842B5DC63C00E2DB59 /* Products */;
			projectDirPath = "";
			projectRoot = "";
			targets = (
				364055822B5DC63C00E2DB59 /* KindnessApp */,
			);
		};
/* End PBXProject section */

/* Begin PBXResourcesBuildPhase section */
		364055812B5DC63C00E2DB59 /* Resources */ = {
			isa = PBXResourcesBuildPhase;
			buildActionMask = 2147483647;
			files = (
				3640558E2B5DC63E00E2DB59 /* Preview Assets.xcassets in Resources */,
				3640558B2B5DC63E00E2DB59 /* Assets.xcassets in Resources */,
			);
			runOnlyForDeploymentPostprocessing = 0;
		};
/* End PBXResourcesBuildPhase section */

/* Begin PBXSourcesBuildPhase section */
		3640557F2B5DC63C00E2DB59 /* Sources */ = {
			isa = PBXSourcesBuildPhase;
			buildActionMask = 2147483647;
			files = (
				367A48692B7AC04300D589E3 /* UserProfile+CoreDataProperties.swift in Sources */,
				364055972B5DC7A900E2DB59 /* DataController.swift in Sources */,
				364055892B5DC63C00E2DB59 /* ProfileView.swift in Sources */,
				367A48712B7AC09700D589E3 /* ProfileBadge+CoreDataProperties.swift in Sources */,
				367A487C2B7AC7F300D589E3 /* KindnessAct+CoreDataClass.swift in Sources */,
				3640559D2B5DC84600E2DB59 /* KindnessApp.xcdatamodeld in Sources */,
				367A48682B7AC04300D589E3 /* UserProfile+CoreDataClass.swift in Sources */,
				36BBD2D52CAF1E9600A4AE15 /* SceneDelegate.swift in Sources */,
				367A487D2B7AC7F300D589E3 /* KindnessAct+CoreDataProperties.swift in Sources */,
				367A48702B7AC09700D589E3 /* ProfileBadge+CoreDataClass.swift in Sources */,
				364055872B5DC63C00E2DB59 /* KindnessAppApp.swift in Sources */,
			);
			runOnlyForDeploymentPostprocessing = 0;
		};
/* End PBXSourcesBuildPhase section */

/* Begin XCBuildConfiguration section */
		3640558F2B5DC63E00E2DB59 /* Debug */ = {
			isa = XCBuildConfiguration;
			buildSettings = {
				ALWAYS_SEARCH_USER_PATHS = NO;
				CLANG_ANALYZER_NONNULL = YES;
				CLANG_ANALYZER_NUMBER_OBJECT_CONVERSION = YES_AGGRESSIVE;
				CLANG_CXX_LANGUAGE_STANDARD = "gnu++20";
				CLANG_ENABLE_MODULES = YES;
				CLANG_ENABLE_OBJC_ARC = YES;
				CLANG_ENABLE_OBJC_WEAK = YES;
				CLANG_WARN_BLOCK_CAPTURE_AUTORELEASING = YES;
				CLANG_WARN_BOOL_CONVERSION = YES;
				CLANG_WARN_COMMA = YES;
				CLANG_WARN_CONSTANT_CONVERSION = YES;
				CLANG_WARN_DEPRECATED_OBJC_IMPLEMENTATIONS = YES;
				CLANG_WARN_DIRECT_OBJC_ISA_USAGE = YES_ERROR;
				CLANG_WARN_DOCUMENTATION_COMMENTS = YES;
				CLANG_WARN_EMPTY_BODY = YES;
				CLANG_WARN_ENUM_CONVERSION = YES;
				CLANG_WARN_INFINITE_RECURSION = YES;
				CLANG_WARN_INT_CONVERSION = YES;
				CLANG_WARN_NON_LITERAL_NULL_CONVERSION = YES;
				CLANG_WARN_OBJC_IMPLICIT_RETAIN_SELF = YES;
				CLANG_WARN_OBJC_LITERAL_CONVERSION = YES;
				CLANG_WARN_OBJC_ROOT_CLASS = YES_ERROR;
				CLANG_WARN_QUOTED_INCLUDE_IN_FRAMEWORK_HEADER = YES;
				CLANG_WARN_RANGE_LOOP_ANALYSIS = YES;
				CLANG_WARN_STRICT_PROTOTYPES = YES;
				CLANG_WARN_SUSPICIOUS_MOVE = YES;
				CLANG_WARN_UNGUARDED_AVAILABILITY = YES_AGGRESSIVE;
				CLANG_WARN_UNREACHABLE_CODE = YES;
				CLANG_WARN__DUPLICATE_METHOD_MATCH = YES;
				COPY_PHASE_STRIP = NO;
				DEBUG_INFORMATION_FORMAT = dwarf;
				ENABLE_STRICT_OBJC_MSGSEND = YES;
				ENABLE_TESTABILITY = YES;
				GCC_C_LANGUAGE_STANDARD = gnu11;
				GCC_DYNAMIC_NO_PIC = NO;
				GCC_NO_COMMON_BLOCKS = YES;
				GCC_OPTIMIZATION_LEVEL = 0;
				GCC_PREPROCESSOR_DEFINITIONS = (
					"DEBUG=1",
					"$(inherited)",
				);
				GCC_WARN_64_TO_32_BIT_CONVERSION = YES;
				GCC_WARN_ABOUT_RETURN_TYPE = YES_ERROR;
				GCC_WARN_UNDECLARED_SELECTOR = YES;
				GCC_WARN_UNINITIALIZED_AUTOS = YES_AGGRESSIVE;
				GCC_WARN_UNUSED_FUNCTION = YES;
				GCC_WARN_UNUSED_VARIABLE = YES;
				IPHONEOS_DEPLOYMENT_TARGET = 16.2;
				MTL_ENABLE_DEBUG_INFO = INCLUDE_SOURCE;
				MTL_FAST_MATH = YES;
				ONLY_ACTIVE_ARCH = YES;
				SDKROOT = iphoneos;
				SWIFT_ACTIVE_COMPILATION_CONDITIONS = DEBUG;
				SWIFT_OPTIMIZATION_LEVEL = "-Onone";
			};
			name = Debug;
		};
		364055902B5DC63E00E2DB59 /* Release */ = {
			isa = XCBuildConfiguration;
			buildSettings = {
				ALWAYS_SEARCH_USER_PATHS = NO;
				CLANG_ANALYZER_NONNULL = YES;
				CLANG_ANALYZER_NUMBER_OBJECT_CONVERSION = YES_AGGRESSIVE;
				CLANG_CXX_LANGUAGE_STANDARD = "gnu++20";
				CLANG_ENABLE_MODULES = YES;
				CLANG_ENABLE_OBJC_ARC = YES;
				CLANG_ENABLE_OBJC_WEAK = YES;
				CLANG_WARN_BLOCK_CAPTURE_AUTORELEASING = YES;
				CLANG_WARN_BOOL_CONVERSION = YES;
				CLANG_WARN_COMMA = YES;
				CLANG_WARN_CONSTANT_CONVERSION = YES;
				CLANG_WARN_DEPRECATED_OBJC_IMPLEMENTATIONS = YES;
				CLANG_WARN_DIRECT_OBJC_ISA_USAGE = YES_ERROR;
				CLANG_WARN_DOCUMENTATION_COMMENTS = YES;
				CLANG_WARN_EMPTY_BODY = YES;
				CLANG_WARN_ENUM_CONVERSION = YES;
				CLANG_WARN_INFINITE_RECURSION = YES;
				CLANG_WARN_INT_CONVERSION = YES;
				CLANG_WARN_NON_LITERAL_NULL_CONVERSION = YES;
				CLANG_WARN_OBJC_IMPLICIT_RETAIN_SELF = YES;
				CLANG_WARN_OBJC_LITERAL_CONVERSION = YES;
				CLANG_WARN_OBJC_ROOT_CLASS = YES_ERROR;
				CLANG_WARN_QUOTED_INCLUDE_IN_FRAMEWORK_HEADER = YES;
				CLANG_WARN_RANGE_LOOP_ANALYSIS = YES;
				CLANG_WARN_STRICT_PROTOTYPES = YES;
				CLANG_WARN_SUSPICIOUS_MOVE = YES;
				CLANG_WARN_UNGUARDED_AVAILABILITY = YES_AGGRESSIVE;
				CLANG_WARN_UNREACHABLE_CODE = YES;
				CLANG_WARN__DUPLICATE_METHOD_MATCH = YES;
				COPY_PHASE_STRIP = NO;
				DEBUG_INFORMATION_FORMAT = "dwarf-with-dsym";
				ENABLE_NS_ASSERTIONS = NO;
				ENABLE_STRICT_OBJC_MSGSEND = YES;
				GCC_C_LANGUAGE_STANDARD = gnu11;
				GCC_NO_COMMON_BLOCKS = YES;
				GCC_WARN_64_TO_32_BIT_CONVERSION = YES;
				GCC_WARN_ABOUT_RETURN_TYPE = YES_ERROR;
				GCC_WARN_UNDECLARED_SELECTOR = YES;
				GCC_WARN_UNINITIALIZED_AUTOS = YES_AGGRESSIVE;
				GCC_WARN_UNUSED_FUNCTION = YES;
				GCC_WARN_UNUSED_VARIABLE = YES;
				IPHONEOS_DEPLOYMENT_TARGET = 16.2;
				MTL_ENABLE_DEBUG_INFO = NO;
				MTL_FAST_MATH = YES;
				SDKROOT = iphoneos;
				SWIFT_COMPILATION_MODE = wholemodule;
				SWIFT_OPTIMIZATION_LEVEL = "-O";
				VALIDATE_PRODUCT = YES;
			};
			name = Release;
		};
		364055922B5DC63E00E2DB59 /* Debug */ = {
			isa = XCBuildConfiguration;
			buildSettings = {
				ASSETCATALOG_COMPILER_APPICON_NAME = AppIcon;
				ASSETCATALOG_COMPILER_GLOBAL_ACCENT_COLOR_NAME = AccentColor;
				CODE_SIGN_STYLE = Automatic;
				CURRENT_PROJECT_VERSION = 1;
				DEVELOPMENT_ASSET_PATHS = "\"KindnessApp/Preview Content\"";
				DEVELOPMENT_TEAM = 576M7S8369;
				ENABLE_PREVIEWS = YES;
				GENERATE_INFOPLIST_FILE = YES;
				INFOPLIST_FILE = KindnessApp/Info.plist;
				INFOPLIST_KEY_UIApplicationSupportsIndirectInputEvents = YES;
				INFOPLIST_KEY_UILaunchScreen_Generation = YES;
				INFOPLIST_KEY_UISupportedInterfaceOrientations_iPad = "UIInterfaceOrientationPortrait UIInterfaceOrientationPortraitUpsideDown UIInterfaceOrientationLandscapeLeft UIInterfaceOrientationLandscapeRight";
				INFOPLIST_KEY_UISupportedInterfaceOrientations_iPhone = "UIInterfaceOrientationPortrait UIInterfaceOrientationLandscapeLeft UIInterfaceOrientationLandscapeRight";
				LD_RUNPATH_SEARCH_PATHS = (
					"$(inherited)",
					"@executable_path/Frameworks",
				);
				MARKETING_VERSION = 1.0;
				PRODUCT_BUNDLE_IDENTIFIER = ErinFoley.KindnessApp;
				PRODUCT_NAME = "$(TARGET_NAME)";
				SWIFT_EMIT_LOC_STRINGS = YES;
				SWIFT_VERSION = 5.0;
				TARGETED_DEVICE_FAMILY = "1,2";
			};
			name = Debug;
		};
		364055932B5DC63E00E2DB59 /* Release */ = {
			isa = XCBuildConfiguration;
			buildSettings = {
				ASSETCATALOG_COMPILER_APPICON_NAME = AppIcon;
				ASSETCATALOG_COMPILER_GLOBAL_ACCENT_COLOR_NAME = AccentColor;
				CODE_SIGN_STYLE = Automatic;
				CURRENT_PROJECT_VERSION = 1;
				DEVELOPMENT_ASSET_PATHS = "\"KindnessApp/Preview Content\"";
				DEVELOPMENT_TEAM = 576M7S8369;
				ENABLE_PREVIEWS = YES;
				GENERATE_INFOPLIST_FILE = YES;
				INFOPLIST_FILE = KindnessApp/Info.plist;
				INFOPLIST_KEY_UIApplicationSupportsIndirectInputEvents = YES;
				INFOPLIST_KEY_UILaunchScreen_Generation = YES;
				INFOPLIST_KEY_UISupportedInterfaceOrientations_iPad = "UIInterfaceOrientationPortrait UIInterfaceOrientationPortraitUpsideDown UIInterfaceOrientationLandscapeLeft UIInterfaceOrientationLandscapeRight";
				INFOPLIST_KEY_UISupportedInterfaceOrientations_iPhone = "UIInterfaceOrientationPortrait UIInterfaceOrientationLandscapeLeft UIInterfaceOrientationLandscapeRight";
				LD_RUNPATH_SEARCH_PATHS = (
					"$(inherited)",
					"@executable_path/Frameworks",
				);
				MARKETING_VERSION = 1.0;
				PRODUCT_BUNDLE_IDENTIFIER = ErinFoley.KindnessApp;
				PRODUCT_NAME = "$(TARGET_NAME)";
				SWIFT_EMIT_LOC_STRINGS = YES;
				SWIFT_VERSION = 5.0;
				TARGETED_DEVICE_FAMILY = "1,2";
			};
			name = Release;
		};
/* End XCBuildConfiguration section */

/* Begin XCConfigurationList section */
		3640557E2B5DC63C00E2DB59 /* Build configuration list for PBXProject "KindnessApp" */ = {
			isa = XCConfigurationList;
			buildConfigurations = (
				3640558F2B5DC63E00E2DB59 /* Debug */,
				364055902B5DC63E00E2DB59 /* Release */,
			);
			defaultConfigurationIsVisible = 0;
			defaultConfigurationName = Release;
		};
		364055912B5DC63E00E2DB59 /* Build configuration list for PBXNativeTarget "KindnessApp" */ = {
			isa = XCConfigurationList;
			buildConfigurations = (
				364055922B5DC63E00E2DB59 /* Debug */,
				364055932B5DC63E00E2DB59 /* Release */,
			);
			defaultConfigurationIsVisible = 0;
			defaultConfigurationName = Release;
		};
/* End XCConfigurationList section */

/* Begin XCVersionGroup section */
		3640559B2B5DC84600E2DB59 /* KindnessApp.xcdatamodeld */ = {
			isa = XCVersionGroup;
			children = (
				3640559C2B5DC84600E2DB59 /* KindnessApp.xcdatamodel */,
			);
			currentVersion = 3640559C2B5DC84600E2DB59 /* KindnessApp.xcdatamodel */;
			path = KindnessApp.xcdatamodeld;
			sourceTree = SOURCE_ROOT;
			versionGroupType = wrapper.xcdatamodel;
		};
/* End XCVersionGroup section */
	};
	rootObject = 3640557B2B5DC63C00E2DB59 /* Project object */;
}
